
Microsoft Visual Studio Solution File, Format Version 12.00
# Visual Studio Version 17
VisualStudioVersion = 17.14.36414.22 d17.14
MinimumVisualStudioVersion = 10.0.40219.1
Project("{FAE04EC0-301F-11D3-BF4B-00C04F79EFBC}") = "Mohaymen", "Mohaymen\Mohaymen.csproj", "{36FCAB31-5FAB-45B4-AFD3-304D42A84BCB}"
EndProject
Global
	GlobalSection(SolutionConfigurationPlatforms) = preSolution
		Debug|Any CPU = Debug|Any CPU
		Release|Any CPU = Release|Any CPU
	EndGlobalSection
	GlobalSection(ProjectConfigurationPlatforms) = postSolution
		{36FCAB31-5FAB-45B4-AFD3-304D42A84BCB}.Debug|Any CPU.ActiveCfg = Debug|Any CPU
		{36FCAB31-5FAB-45B4-AFD3-304D42A84BCB}.Debug|Any CPU.Build.0 = Debug|Any CPU
		{36FCAB31-5FAB-45B4-AFD3-304D42A84BCB}.Release|Any CPU.ActiveCfg = Release|Any CPU
		{36FCAB31-5FAB-45B4-AFD3-304D42A84BCB}.Release|Any CPU.Build.0 = Release|Any CPU
	EndGlobalSection
	GlobalSection(SolutionProperties) = preSolution
		HideSolutionNode = FALSE
	EndGlobalSection
	GlobalSection(ExtensibilityGlobals) = postSolution
		SolutionGuid = {F2028013-4563-4CF3-A5F1-901E82762C52}
	EndGlobalSection
EndGlobal
